<?xml version="1.0" encoding="utf-8"?>
<Project ToolsVersion="4.0" xmlns="http://schemas.microsoft.com/developer/msbuild/2003">
  <ItemGroup>
    <Filter Include="Source Files">
      <UniqueIdentifier>{4FC737F1-C7A5-4376-A066-2A32D752A2FF}</UniqueIdentifier>
      <Extensions>cpp;c;cc;cxx;c++;cppm;ixx;def;odl;idl;hpj;bat;asm;asmx</Extensions>
    </Filter>
    <Filter Include="Header Files">
      <UniqueIdentifier>{93995380-89BD-4b04-88EB-625FBE52EBFB}</UniqueIdentifier>
      <Extensions>h;hh;hpp;hxx;h++;hm;inl;inc;ipp;xsd</Extensions>
    </Filter>
    <Filter Include="Resource Files">
      <UniqueIdentifier>{67DA6AB6-F800-4c08-8B7A-83BB121AAD01}</UniqueIdentifier>
      <Extensions>rc;ico;cur;bmp;dlg;rc2;rct;bin;rgs;gif;jpg;jpeg;jpe;resx;tiff;tif;png;wav;mfcribbon-ms</Extensions>
    </Filter>
  </ItemGroup>
  <ItemGroup>
    <ClInclude Include="headers\nlohmann\json.hpp">
      <Filter>Header Files</Filter>
    </ClInclude>
    <ClInclude Include="headers\nlohmann\json_fwd.hpp">
      <Filter>Header Files</Filter>
    </ClInclude>
    <ClInclude Include="src\core\Continuousbeam.h">
      <Filter>Header Files</Filter>
    </ClInclude>
    <ClInclude Include="src\io\Structuralconfig.h">
      <Filter>Header Files</Filter>
    </ClInclude>
    <ClInclude Include="src\core\Isostaticbeam.h">
      <Filter>Header Files</Filter>
    </ClInclude>
    <ClInclude Include="src\io\JsonStreamWriter.h">
      <Filter>Header Files</Filter>
    </ClInclude>
    <ClInclude Include="src\io\Loadenvelope.h">
      <Filter>Header Files</Filter>
    </ClInclude>
    <ClInclude Include="src\io\Resultsexporter.h">
      <Filter>Header Files</Filter>
    </ClInclude>
    <ClInclude Include="src\io\ProjectPaths.h">
      <Filter>Header Files</Filter>
    </ClInclude>
    <ClInclude Include="src\core\SpanResult.h">
      <Filter>Header Files</Filter>
    </ClInclude>
    <ClInclude Include="src\io\Loadpositioner.h">
      <Filter>Header Files</Filter>
    </ClInclude>
    <ClInclude Include="src\utils\Beamutils.h">
      <Filter>Header Files</Filter>
    </ClInclude>
    <ClInclude Include="src\core\BeamFormulas.h">
      <Filter>Header Files</Filter>
    </ClInclude>
    <ClInclude Include="dependency\nlohmann\json.hpp">
      <Filter>Header Files</Filter>
    </ClInclude>
    <ClInclude Include="dependency\nlohmann\json_fwd.hpp">
      <Filter>Header Files</Filter>
    </ClInclude>
  </ItemGroup>
  <ItemGroup>
    <ClCompile Include="src\app\Application.cpp">
      <Filter>Source Files</Filter>
    </ClCompile>
    <ClCompile Include="src\core\Continuousbeam.cpp">
      <Filter>Source Files</Filter>
    </ClCompile>
    <ClCompile Include="src\io\Structuralconfig.cpp">
      <Filter>Source Files</Filter>
    </ClCompile>
    <ClCompile Include="src\core\Isostaticbeam.cpp">
      <Filter>Source Files</Filter>
    </ClCompile>
    <ClCompile Include="src\io\Loadenvelope.cpp">
      <Filter>Source Files</Filter>
    </ClCompile>
    <ClCompile Include="src\io\Resultsexporter.cpp">
      <Filter>Source Files</Filter>
    </ClCompile>
    <ClCompile Include="src\io\Loadpositioner.cpp">
      <Filter>Source Files</Filter>
    </ClCompile>
  </ItemGroup>
  <ItemGroup>
    <None Include="doc\Architecture_Optimisation.docx" />
    <None Include="path.json" />
  </ItemGroup>
  <ItemGroup>
    <Text Include="doc\Steps.txt" />
  </ItemGroup>
</Project>